
Microsoft Visual Studio Solution File, Format Version 12.00
# Visual Studio Version 16
VisualStudioVersion = 16.0.29926.136
MinimumVisualStudioVersion = 10.0.40219.1
Project("{9A19103F-16F7-4668-BE54-9A1E7A4F7556}") = "eShopSolution.WebApp", "eShopSolution.WebApp\eShopSolution.WebApp.csproj", "{9B77258E-64B0-4908-8265-9080913E074A}"
EndProject
Project("{2150E333-8FDC-42A3-9474-1A3956D46DE8}") = "0. Solution Items", "0. Solution Items", "{851BC775-1A4E-4E57-B51E-C52CBCB3DF7D}"
	ProjectSection(SolutionItems) = preProject
		README.md = README.md
	EndProjectSection
EndProject
Project("{9A19103F-16F7-4668-BE54-9A1E7A4F7556}") = "eShopSolution.Data", "eShopSolution.Data\eShopSolution.Data.csproj", "{57A12B71-B423-4161-8A14-A349706D43BB}"
EndProject
Project("{9A19103F-16F7-4668-BE54-9A1E7A4F7556}") = "eShopSolution.Application", "eShopSolution.Application\eShopSolution.Application.csproj", "{D8F9E988-DAF6-48D7-B73D-6C4F53934564}"
EndProject
Project("{9A19103F-16F7-4668-BE54-9A1E7A4F7556}") = "eShopSolution.Utilities", "eShopSolution.Utilities\eShopSolution.Utilities.csproj", "{93556470-DBC8-42E0-BECA-49A750FE4B46}"
EndProject
Project("{9A19103F-16F7-4668-BE54-9A1E7A4F7556}") = "eShopSolution.ViewModel", "eShopSolution.ViewModel\eShopSolution.ViewModel.csproj", "{194BF9B4-25B2-435E-BC2A-9D9BA5742621}"
EndProject
Project("{FAE04EC0-301F-11D3-BF4B-00C04F79EFBC}") = "eShopSolution.BackEndAPI", "eShopSolution.BackEndAPI\eShopSolution.BackEndAPI.csproj", "{B16F5061-01A8-47B3-AA02-D8B04939A06E}"
EndProject
Project("{2150E333-8FDC-42A3-9474-1A3956D46DE8}") = "1. Infrastructure", "1. Infrastructure", "{6F660858-FD9E-4234-BBF0-FB1FA922D75F}"
EndProject
Project("{2150E333-8FDC-42A3-9474-1A3956D46DE8}") = "2. Domain", "2. Domain", "{13458129-05EB-41C0-BB2B-2B5735F48996}"
EndProject
Project("{2150E333-8FDC-42A3-9474-1A3956D46DE8}") = "3. Hosts", "3. Hosts", "{6B099275-C789-4F23-B421-710E4D27B22F}"
EndProject
Global
	GlobalSection(SolutionConfigurationPlatforms) = preSolution
		Debug|Any CPU = Debug|Any CPU
		Release|Any CPU = Release|Any CPU
	EndGlobalSection
	GlobalSection(ProjectConfigurationPlatforms) = postSolution
		{9B77258E-64B0-4908-8265-9080913E074A}.Debug|Any CPU.ActiveCfg = Debug|Any CPU
		{9B77258E-64B0-4908-8265-9080913E074A}.Debug|Any CPU.Build.0 = Debug|Any CPU
		{9B77258E-64B0-4908-8265-9080913E074A}.Release|Any CPU.ActiveCfg = Release|Any CPU
		{9B77258E-64B0-4908-8265-9080913E074A}.Release|Any CPU.Build.0 = Release|Any CPU
		{57A12B71-B423-4161-8A14-A349706D43BB}.Debug|Any CPU.ActiveCfg = Debug|Any CPU
		{57A12B71-B423-4161-8A14-A349706D43BB}.Debug|Any CPU.Build.0 = Debug|Any CPU
		{57A12B71-B423-4161-8A14-A349706D43BB}.Release|Any CPU.ActiveCfg = Release|Any CPU
		{57A12B71-B423-4161-8A14-A349706D43BB}.Release|Any CPU.Build.0 = Release|Any CPU
		{D8F9E988-DAF6-48D7-B73D-6C4F53934564}.Debug|Any CPU.ActiveCfg = Debug|Any CPU
		{D8F9E988-DAF6-48D7-B73D-6C4F53934564}.Debug|Any CPU.Build.0 = Debug|Any CPU
		{D8F9E988-DAF6-48D7-B73D-6C4F53934564}.Release|Any CPU.ActiveCfg = Release|Any CPU
		{D8F9E988-DAF6-48D7-B73D-6C4F53934564}.Release|Any CPU.Build.0 = Release|Any CPU
		{93556470-DBC8-42E0-BECA-49A750FE4B46}.Debug|Any CPU.ActiveCfg = Debug|Any CPU
		{93556470-DBC8-42E0-BECA-49A750FE4B46}.Debug|Any CPU.Build.0 = Debug|Any CPU
		{93556470-DBC8-42E0-BECA-49A750FE4B46}.Release|Any CPU.ActiveCfg = Release|Any CPU
		{93556470-DBC8-42E0-BECA-49A750FE4B46}.Release|Any CPU.Build.0 = Release|Any CPU
		{194BF9B4-25B2-435E-BC2A-9D9BA5742621}.Debug|Any CPU.ActiveCfg = Debug|Any CPU
		{194BF9B4-25B2-435E-BC2A-9D9BA5742621}.Debug|Any CPU.Build.0 = Debug|Any CPU
		{194BF9B4-25B2-435E-BC2A-9D9BA5742621}.Release|Any CPU.ActiveCfg = Release|Any CPU
		{194BF9B4-25B2-435E-BC2A-9D9BA5742621}.Release|Any CPU.Build.0 = Release|Any CPU
		{B16F5061-01A8-47B3-AA02-D8B04939A06E}.Debug|Any CPU.ActiveCfg = Debug|Any CPU
		{B16F5061-01A8-47B3-AA02-D8B04939A06E}.Debug|Any CPU.Build.0 = Debug|Any CPU
		{B16F5061-01A8-47B3-AA02-D8B04939A06E}.Release|Any CPU.ActiveCfg = Release|Any CPU
		{B16F5061-01A8-47B3-AA02-D8B04939A06E}.Release|Any CPU.Build.0 = Release|Any CPU
	EndGlobalSection
	GlobalSection(SolutionProperties) = preSolution
		HideSolutionNode = FALSE
	EndGlobalSection
	GlobalSection(NestedProjects) = preSolution
		{9B77258E-64B0-4908-8265-9080913E074A} = {6B099275-C789-4F23-B421-710E4D27B22F}
		{57A12B71-B423-4161-8A14-A349706D43BB} = {13458129-05EB-41C0-BB2B-2B5735F48996}
		{D8F9E988-DAF6-48D7-B73D-6C4F53934564} = {13458129-05EB-41C0-BB2B-2B5735F48996}
		{93556470-DBC8-42E0-BECA-49A750FE4B46} = {6F660858-FD9E-4234-BBF0-FB1FA922D75F}
		{194BF9B4-25B2-435E-BC2A-9D9BA5742621} = {6F660858-FD9E-4234-BBF0-FB1FA922D75F}
		{B16F5061-01A8-47B3-AA02-D8B04939A06E} = {6B099275-C789-4F23-B421-710E4D27B22F}
	EndGlobalSection
	GlobalSection(ExtensibilityGlobals) = postSolution
		SolutionGuid = {CB0F16BC-DFCE-4CEB-881D-622479F38E08}
	EndGlobalSection
EndGlobal
